// !$*UTF8*$!
{
	archiveVersion = 1;
	classes = {
	};
	objectVersion = 48;
	objects = {

/* Begin PBXBuildFile section */
		505C824D1FD835DF00C10BDE /* optionCell.swift in Sources */ = {isa = PBXBuildFile; fileRef = 505C824C1FD835DF00C10BDE /* optionCell.swift */; };
		505C824F1FD8367400C10BDE /* optionsTableViewController.swift in Sources */ = {isa = PBXBuildFile; fileRef = 505C824E1FD8367400C10BDE /* optionsTableViewController.swift */; };
		505C82511FD84FBB00C10BDE /* answerViewController.swift in Sources */ = {isa = PBXBuildFile; fileRef = 505C82501FD84FBB00C10BDE /* answerViewController.swift */; };
		50C569391FD6EADD00D88607 /* AppDelegate.swift in Sources */ = {isa = PBXBuildFile; fileRef = 50C569381FD6EADD00D88607 /* AppDelegate.swift */; };
		50C5693B1FD6EADD00D88607 /* ViewController.swift in Sources */ = {isa = PBXBuildFile; fileRef = 50C5693A1FD6EADD00D88607 /* ViewController.swift */; };
		50C5693E1FD6EADD00D88607 /* Main.storyboard in Resources */ = {isa = PBXBuildFile; fileRef = 50C5693C1FD6EADD00D88607 /* Main.storyboard */; };
		50C569401FD6EADD00D88607 /* Assets.xcassets in Resources */ = {isa = PBXBuildFile; fileRef = 50C5693F1FD6EADD00D88607 /* Assets.xcassets */; };
		50C569431FD6EADD00D88607 /* LaunchScreen.storyboard in Resources */ = {isa = PBXBuildFile; fileRef = 50C569411FD6EADD00D88607 /* LaunchScreen.storyboard */; };
		50C569691FD6F59500D88607 /* questions.txt in Resources */ = {isa = PBXBuildFile; fileRef = 50C569681FD6F59500D88607 /* questions.txt */; };
		50C5696B1FD6F61F00D88607 /* explanations.txt in Resources */ = {isa = PBXBuildFile; fileRef = 50C5696A1FD6F61F00D88607 /* explanations.txt */; };
		50C5696D1FD6F64400D88607 /* engine.swift in Sources */ = {isa = PBXBuildFile; fileRef = 50C5696C1FD6F64400D88607 /* engine.swift */; };
		50C5696F1FD6FF2800D88607 /* questionViewController.swift in Sources */ = {isa = PBXBuildFile; fileRef = 50C5696E1FD6FF2800D88607 /* questionViewController.swift */; };
/* End PBXBuildFile section */

/* Begin PBXFileReference section */
		505C824C1FD835DF00C10BDE /* optionCell.swift */ = {isa = PBXFileReference; lastKnownFileType = sourcecode.swift; path = optionCell.swift; sourceTree = "<group>"; };
		505C824E1FD8367400C10BDE /* optionsTableViewController.swift */ = {isa = PBXFileReference; lastKnownFileType = sourcecode.swift; path = optionsTableViewController.swift; sourceTree = "<group>"; };
		505C82501FD84FBB00C10BDE /* answerViewController.swift */ = {isa = PBXFileReference; lastKnownFileType = sourcecode.swift; path = answerViewController.swift; sourceTree = "<group>"; };
		50C569351FD6EADD00D88607 /* victorinaDrink.app */ = {isa = PBXFileReference; explicitFileType = wrapper.application; includeInIndex = 0; path = victorinaDrink.app; sourceTree = BUILT_PRODUCTS_DIR; };
		50C569381FD6EADD00D88607 /* AppDelegate.swift */ = {isa = PBXFileReference; lastKnownFileType = sourcecode.swift; path = AppDelegate.swift; sourceTree = "<group>"; };
		50C5693A1FD6EADD00D88607 /* ViewController.swift */ = {isa = PBXFileReference; lastKnownFileType = sourcecode.swift; path = ViewController.swift; sourceTree = "<group>"; };
		50C5693D1FD6EADD00D88607 /* Base */ = {isa = PBXFileReference; lastKnownFileType = file.storyboard; name = Base; path = Base.lproj/Main.storyboard; sourceTree = "<group>"; };
		50C5693F1FD6EADD00D88607 /* Assets.xcassets */ = {isa = PBXFileReference; lastKnownFileType = folder.assetcatalog; path = Assets.xcassets; sourceTree = "<group>"; };
		50C569421FD6EADD00D88607 /* Base */ = {isa = PBXFileReference; lastKnownFileType = file.storyboard; name = Base; path = Base.lproj/LaunchScreen.storyboard; sourceTree = "<group>"; };
		50C569441FD6EADD00D88607 /* Info.plist */ = {isa = PBXFileReference; lastKnownFileType = text.plist.xml; path = Info.plist; sourceTree = "<group>"; };
		50C569681FD6F59500D88607 /* questions.txt */ = {isa = PBXFileReference; lastKnownFileType = text; path = questions.txt; sourceTree = "<group>"; };
		50C5696A1FD6F61F00D88607 /* explanations.txt */ = {isa = PBXFileReference; lastKnownFileType = text; path = explanations.txt; sourceTree = "<group>"; };
		50C5696C1FD6F64400D88607 /* engine.swift */ = {isa = PBXFileReference; lastKnownFileType = sourcecode.swift; path = engine.swift; sourceTree = "<group>"; };
		50C5696E1FD6FF2800D88607 /* questionViewController.swift */ = {isa = PBXFileReference; lastKnownFileType = sourcecode.swift; path = questionViewController.swift; sourceTree = "<group>"; };
/* End PBXFileReference section */

/* Begin PBXFrameworksBuildPhase section */
		50C569321FD6EADD00D88607 /* Frameworks */ = {
			isa = PBXFrameworksBuildPhase;
			buildActionMask = 2147483647;
			files = (
			);
			runOnlyForDeploymentPostprocessing = 0;
		};
/* End PBXFrameworksBuildPhase section */

/* Begin PBXGroup section */
		50C5692C1FD6EADD00D88607 = {
			isa = PBXGroup;
			children = (
				50C569371FD6EADD00D88607 /* victorinaDrink */,
				50C569361FD6EADD00D88607 /* Products */,
			);
			sourceTree = "<group>";
		};
		50C569361FD6EADD00D88607 /* Products */ = {
			isa = PBXGroup;
			children = (
				50C569351FD6EADD00D88607 /* victorinaDrink.app */,
			);
			name = Products;
			sourceTree = "<group>";
		};
		50C569371FD6EADD00D88607 /* victorinaDrink */ = {
			isa = PBXGroup;
			children = (
				50C569381FD6EADD00D88607 /* AppDelegate.swift */,
				50C5693A1FD6EADD00D88607 /* ViewController.swift */,
				50C5693C1FD6EADD00D88607 /* Main.storyboard */,
				505C824C1FD835DF00C10BDE /* optionCell.swift */,
				505C824E1FD8367400C10BDE /* optionsTableViewController.swift */,
				50C5696E1FD6FF2800D88607 /* questionViewController.swift */,
				50C5693F1FD6EADD00D88607 /* Assets.xcassets */,
				50C569411FD6EADD00D88607 /* LaunchScreen.storyboard */,
				50C569681FD6F59500D88607 /* questions.txt */,
				50C5696A1FD6F61F00D88607 /* explanations.txt */,
				50C5696C1FD6F64400D88607 /* engine.swift */,
				505C82501FD84FBB00C10BDE /* answerViewController.swift */,
				50C569441FD6EADD00D88607 /* Info.plist */,
			);
			path = victorinaDrink;
			sourceTree = "<group>";
		};
/* End PBXGroup section */

/* Begin PBXNativeTarget section */
		50C569341FD6EADD00D88607 /* victorinaDrink */ = {
			isa = PBXNativeTarget;
			buildConfigurationList = 50C569471FD6EADD00D88607 /* Build configuration list for PBXNativeTarget "victorinaDrink" */;
			buildPhases = (
				50C569311FD6EADD00D88607 /* Sources */,
				50C569321FD6EADD00D88607 /* Frameworks */,
				50C569331FD6EADD00D88607 /* Resources */,
			);
			buildRules = (
			);
			dependencies = (
			);
			name = victorinaDrink;
			productName = victorinaDrink;
			productReference = 50C569351FD6EADD00D88607 /* victorinaDrink.app */;
			productType = "com.apple.product-type.application";
		};
/* End PBXNativeTarget section */

/* Begin PBXProject section */
		50C5692D1FD6EADD00D88607 /* Project object */ = {
			isa = PBXProject;
			attributes = {
				LastSwiftUpdateCheck = 0920;
				LastUpgradeCheck = 0920;
				ORGANIZATIONNAME = "Pavel Gubarev";
				TargetAttributes = {
					50C569341FD6EADD00D88607 = {
						CreatedOnToolsVersion = 9.2;
						ProvisioningStyle = Automatic;
					};
				};
			};
			buildConfigurationList = 50C569301FD6EADD00D88607 /* Build configuration list for PBXProject "victorinaDrink" */;
			compatibilityVersion = "Xcode 8.0";
			developmentRegion = en;
			hasScannedForEncodings = 0;
			knownRegions = (
				en,
				Base,
			);
			mainGroup = 50C5692C1FD6EADD00D88607;
			productRefGroup = 50C569361FD6EADD00D88607 /* Products */;
			projectDirPath = "";
			projectRoot = "";
			targets = (
				50C569341FD6EADD00D88607 /* victorinaDrink */,
			);
		};
/* End PBXProject section */

/* Begin PBXResourcesBuildPhase section */
		50C569331FD6EADD00D88607 /* Resources */ = {
			isa = PBXResourcesBuildPhase;
			buildActionMask = 2147483647;
			files = (
				50C569431FD6EADD00D88607 /* LaunchScreen.storyboard in Resources */,
				50C5696B1FD6F61F00D88607 /* explanations.txt in Resources */,
				50C569401FD6EADD00D88607 /* Assets.xcassets in Resources */,
				50C569691FD6F59500D88607 /* questions.txt in Resources */,
				50C5693E1FD6EADD00D88607 /* Main.storyboard in Resources */,
			);
			runOnlyForDeploymentPostprocessing = 0;
		};
/* End PBXResourcesBuildPhase section */

/* Begin PBXSourcesBuildPhase section */
		50C569311FD6EADD00D88607 /* Sources */ = {
			isa = PBXSourcesBuildPhase;
			buildActionMask = 2147483647;
			files = (
				505C82511FD84FBB00C10BDE /* answerViewController.swift in Sources */,
				505C824D1FD835DF00C10BDE /* optionCell.swift in Sources */,
				50C5693B1FD6EADD00D88607 /* ViewController.swift in Sources */,
				50C569391FD6EADD00D88607 /* AppDelegate.swift in Sources */,
				50C5696F1FD6FF2800D88607 /* questionViewController.swift in Sources */,
				505C824F1FD8367400C10BDE /* optionsTableViewController.swift in Sources */,
				50C5696D1FD6F64400D88607 /* engine.swift in Sources */,
			);
			runOnlyForDeploymentPostprocessing = 0;
		};
/* End PBXSourcesBuildPhase section */

/* Begin PBXVariantGroup section */
		50C5693C1FD6EADD00D88607 /* Main.storyboard */ = {
			isa = PBXVariantGroup;
			children = (
				50C5693D1FD6EADD00D88607 /* Base */,
			);
			name = Main.storyboard;
			sourceTree = "<group>";
		};
		50C569411FD6EADD00D88607 /* LaunchScreen.storyboard */ = {
			isa = PBXVariantGroup;
			children = (
				50C569421FD6EADD00D88607 /* Base */,
			);
			name = LaunchScreen.storyboard;
			sourceTree = "<group>";
		};
/* End PBXVariantGroup section */

/* Begin XCBuildConfiguration section */
		50C569451FD6EADD00D88607 /* Debug */ = {
			isa = XCBuildConfiguration;
			buildSettings = {
				ALWAYS_SEARCH_USER_PATHS = NO;
				CLANG_ANALYZER_NONNULL = YES;
				CLANG_ANALYZER_NUMBER_OBJECT_CONVERSION = YES_AGGRESSIVE;
				CLANG_CXX_LANGUAGE_STANDARD = "gnu++14";
				CLANG_CXX_LIBRARY = "libc++";
				CLANG_ENABLE_MODULES = YES;
				CLANG_ENABLE_OBJC_ARC = YES;
				CLANG_WARN_BLOCK_CAPTURE_AUTORELEASING = YES;
				CLANG_WARN_BOOL_CONVERSION = YES;
				CLANG_WARN_COMMA = YES;
				CLANG_WARN_CONSTANT_CONVERSION = YES;
				CLANG_WARN_DIRECT_OBJC_ISA_USAGE = YES_ERROR;
				CLANG_WARN_DOCUMENTATION_COMMENTS = YES;
				CLANG_WARN_EMPTY_BODY = YES;
				CLANG_WARN_ENUM_CONVERSION = YES;
				CLANG_WARN_INFINITE_RECURSION = YES;
				CLANG_WARN_INT_CONVERSION = YES;
				CLANG_WARN_NON_LITERAL_NULL_CONVERSION = YES;
				CLANG_WARN_OBJC_LITERAL_CONVERSION = YES;
				CLANG_WARN_OBJC_ROOT_CLASS = YES_ERROR;
				CLANG_WARN_RANGE_LOOP_ANALYSIS = YES;
				CLANG_WARN_STRICT_PROTOTYPES = YES;
				CLANG_WARN_SUSPICIOUS_MOVE = YES;
				CLANG_WARN_UNGUARDED_AVAILABILITY = YES_AGGRESSIVE;
				CLANG_WARN_UNREACHABLE_CODE = YES;
				CLANG_WARN__DUPLICATE_METHOD_MATCH = YES;
				CODE_SIGN_IDENTITY = "iPhone Developer";
				COPY_PHASE_STRIP = NO;
				DEBUG_INFORMATION_FORMAT = dwarf;
				ENABLE_STRICT_OBJC_MSGSEND = YES;
				ENABLE_TESTABILITY = YES;
				GCC_C_LANGUAGE_STANDARD = gnu11;
				GCC_DYNAMIC_NO_PIC = NO;
				GCC_NO_COMMON_BLOCKS = YES;
				GCC_OPTIMIZATION_LEVEL = 0;
				GCC_PREPROCESSOR_DEFINITIONS = (
					"DEBUG=1",
					"$(inherited)",
				);
				GCC_WARN_64_TO_32_BIT_CONVERSION = YES;
				GCC_WARN_ABOUT_RETURN_TYPE = YES_ERROR;
				GCC_WARN_UNDECLARED_SELECTOR = YES;
				GCC_WARN_UNINITIALIZED_AUTOS = YES_AGGRESSIVE;
				GCC_WARN_UNUSED_FUNCTION = YES;
				GCC_WARN_UNUSED_VARIABLE = YES;
				IPHONEOS_DEPLOYMENT_TARGET = 11.2;
				MTL_ENABLE_DEBUG_INFO = YES;
				ONLY_ACTIVE_ARCH = YES;
				SDKROOT = iphoneos;
				SWIFT_ACTIVE_COMPILATION_CONDITIONS = DEBUG;
				SWIFT_OPTIMIZATION_LEVEL = "-Onone";
			};
			name = Debug;
		};
		50C569461FD6EADD00D88607 /* Release */ = {
			isa = XCBuildConfiguration;
			buildSettings = {
				ALWAYS_SEARCH_USER_PATHS = NO;
				CLANG_ANALYZER_NONNULL = YES;
				CLANG_ANALYZER_NUMBER_OBJECT_CONVERSION = YES_AGGRESSIVE;
				CLANG_CXX_LANGUAGE_STANDARD = "gnu++14";
				CLANG_CXX_LIBRARY = "libc++";
				CLANG_ENABLE_MODULES = YES;
				CLANG_ENABLE_OBJC_ARC = YES;
				CLANG_WARN_BLOCK_CAPTURE_AUTORELEASING = YES;
				CLANG_WARN_BOOL_CONVERSION = YES;
				CLANG_WARN_COMMA = YES;
				CLANG_WARN_CONSTANT_CONVERSION = YES;
				CLANG_WARN_DIRECT_OBJC_ISA_USAGE = YES_ERROR;
				CLANG_WARN_DOCUMENTATION_COMMENTS = YES;
				CLANG_WARN_EMPTY_BODY = YES;
				CLANG_WARN_ENUM_CONVERSION = YES;
				CLANG_WARN_INFINITE_RECURSION = YES;
				CLANG_WARN_INT_CONVERSION = YES;
				CLANG_WARN_NON_LITERAL_NULL_CONVERSION = YES;
				CLANG_WARN_OBJC_LITERAL_CONVERSION = YES;
				CLANG_WARN_OBJC_ROOT_CLASS = YES_ERROR;
				CLANG_WARN_RANGE_LOOP_ANALYSIS = YES;
				CLANG_WARN_STRICT_PROTOTYPES = YES;
				CLANG_WARN_SUSPICIOUS_MOVE = YES;
				CLANG_WARN_UNGUARDED_AVAILABILITY = YES_AGGRESSIVE;
				CLANG_WARN_UNREACHABLE_CODE = YES;
				CLANG_WARN__DUPLICATE_METHOD_MATCH = YES;
				CODE_SIGN_IDENTITY = "iPhone Developer";
				COPY_PHASE_STRIP = NO;
				DEBUG_INFORMATION_FORMAT = "dwarf-with-dsym";
				ENABLE_NS_ASSERTIONS = NO;
				ENABLE_STRICT_OBJC_MSGSEND = YES;
				GCC_C_LANGUAGE_STANDARD = gnu11;
				GCC_NO_COMMON_BLOCKS = YES;
				GCC_WARN_64_TO_32_BIT_CONVERSION = YES;
				GCC_WARN_ABOUT_RETURN_TYPE = YES_ERROR;
				GCC_WARN_UNDECLARED_SELECTOR = YES;
				GCC_WARN_UNINITIALIZED_AUTOS = YES_AGGRESSIVE;
				GCC_WARN_UNUSED_FUNCTION = YES;
				GCC_WARN_UNUSED_VARIABLE = YES;
				IPHONEOS_DEPLOYMENT_TARGET = 11.2;
				MTL_ENABLE_DEBUG_INFO = NO;
				SDKROOT = iphoneos;
				SWIFT_OPTIMIZATION_LEVEL = "-Owholemodule";
				VALIDATE_PRODUCT = YES;
			};
			name = Release;
		};
		50C569481FD6EADD00D88607 /* Debug */ = {
			isa = XCBuildConfiguration;
			buildSettings = {
				ASSETCATALOG_COMPILER_APPICON_NAME = AppIcon;
				CODE_SIGN_STYLE = Automatic;
				DEVELOPMENT_TEAM = 6L9C7TASC4;
				INFOPLIST_FILE = victorinaDrink/Info.plist;
				LD_RUNPATH_SEARCH_PATHS = "$(inherited) @executable_path/Frameworks";
				PRODUCT_BUNDLE_IDENTIFIER = pavelgubarev.victorinaDrink;
				PRODUCT_NAME = "$(TARGET_NAME)";
				SWIFT_VERSION = 4.0;
				TARGETED_DEVICE_FAMILY = "1,2";
			};
			name = Debug;
		};
		50C569491FD6EADD00D88607 /* Release */ = {
			isa = XCBuildConfiguration;
			buildSettings = {
				ASSETCATALOG_COMPILER_APPICON_NAME = AppIcon;
				CODE_SIGN_STYLE = Automatic;
				DEVELOPMENT_TEAM = 6L9C7TASC4;
				INFOPLIST_FILE = victorinaDrink/Info.plist;
				LD_RUNPATH_SEARCH_PATHS = "$(inherited) @executable_path/Frameworks";
				PRODUCT_BUNDLE_IDENTIFIER = pavelgubarev.victorinaDrink;
				PRODUCT_NAME = "$(TARGET_NAME)";
				SWIFT_VERSION = 4.0;
				TARGETED_DEVICE_FAMILY = "1,2";
			};
			name = Release;
		};
/* End XCBuildConfiguration section */

/* Begin XCConfigurationList section */
		50C569301FD6EADD00D88607 /* Build configuration list for PBXProject "victorinaDrink" */ = {
			isa = XCConfigurationList;
			buildConfigurations = (
				50C569451FD6EADD00D88607 /* Debug */,
				50C569461FD6EADD00D88607 /* Release */,
			);
			defaultConfigurationIsVisible = 0;
			defaultConfigurationName = Release;
		};
		50C569471FD6EADD00D88607 /* Build configuration list for PBXNativeTarget "victorinaDrink" */ = {
			isa = XCConfigurationList;
			buildConfigurations = (
				50C569481FD6EADD00D88607 /* Debug */,
				50C569491FD6EADD00D88607 /* Release */,
			);
			defaultConfigurationIsVisible = 0;
			defaultConfigurationName = Release;
		};
/* End XCConfigurationList section */
	};
	rootObject = 50C5692D1FD6EADD00D88607 /* Project object */;
}
