// !$*UTF8*$!
{
	archiveVersion = 1;
	classes = {
	};
	objectVersion = 48;
	objects = {

/* Begin PBXBuildFile section */
		500B95E21FDFF8560038B00A /* levelResultViewController.swift in Sources */ = {isa = PBXBuildFile; fileRef = 500B95E11FDFF8560038B00A /* levelResultViewController.swift */; };
		500B95E41FDFFD8A0038B00A /* kefirfalling.sks in Resources */ = {isa = PBXBuildFile; fileRef = 500B95E31FDFFD8A0038B00A /* kefirfalling.sks */; };
		500B95E61FE0053B0038B00A /* kefirFalling.swift in Sources */ = {isa = PBXBuildFile; fileRef = 500B95E51FE0053B0038B00A /* kefirFalling.swift */; };
		5016F8BA200284B600CBA24C /* answerViewPresenter.swift in Sources */ = {isa = PBXBuildFile; fileRef = 5016F8B9200284B600CBA24C /* answerViewPresenter.swift */; };
		5016F8BC200284D200CBA24C /* answerViewProtocol.swift in Sources */ = {isa = PBXBuildFile; fileRef = 5016F8BB200284D200CBA24C /* answerViewProtocol.swift */; };
		5016F8BE2002851000CBA24C /* answerViewPresenterProtocol.swift in Sources */ = {isa = PBXBuildFile; fileRef = 5016F8BD2002851000CBA24C /* answerViewPresenterProtocol.swift */; };
		5016F8C020029AA000CBA24C /* levelResultViewProtocol.swift in Sources */ = {isa = PBXBuildFile; fileRef = 5016F8BF20029AA000CBA24C /* levelResultViewProtocol.swift */; };
		5016F8C220029BE700CBA24C /* levelResultViewPresenter.swift in Sources */ = {isa = PBXBuildFile; fileRef = 5016F8C120029BE700CBA24C /* levelResultViewPresenter.swift */; };
		5016F8C420029C8500CBA24C /* levelResultPresenterProtocol.swift in Sources */ = {isa = PBXBuildFile; fileRef = 5016F8C320029C8500CBA24C /* levelResultPresenterProtocol.swift */; };
		5016F8C72002A2EC00CBA24C /* startPagePresenterProtocol.swift in Sources */ = {isa = PBXBuildFile; fileRef = 5016F8C62002A2EC00CBA24C /* startPagePresenterProtocol.swift */; };
		5018EB002000D868001B8EEC /* questionViewPresenterProtocol.swift in Sources */ = {isa = PBXBuildFile; fileRef = 5018EAFF2000D868001B8EEC /* questionViewPresenterProtocol.swift */; };
		5018EB042000D895001B8EEC /* questionViewPresenter.swift in Sources */ = {isa = PBXBuildFile; fileRef = 5018EB032000D895001B8EEC /* questionViewPresenter.swift */; };
		5018EB062000DE4E001B8EEC /* questionViewProtocol.swift in Sources */ = {isa = PBXBuildFile; fileRef = 5018EB052000DE4E001B8EEC /* questionViewProtocol.swift */; };
		5018EB0B2000F1E9001B8EEC /* model.swift in Sources */ = {isa = PBXBuildFile; fileRef = 5018EB0A2000F1E9001B8EEC /* model.swift */; };
		5018EB0E2000FD36001B8EEC /* startPagePresenter.swift in Sources */ = {isa = PBXBuildFile; fileRef = 5018EB0D2000FD36001B8EEC /* startPagePresenter.swift */; };
		505871EC1FE4387F0046F0B2 /* Alamofire.framework in Frameworks */ = {isa = PBXBuildFile; fileRef = 505871ED1FE4387F0046F0B2 /* Alamofire.framework */; };
		505C824D1FD835DF00C10BDE /* optionCell.swift in Sources */ = {isa = PBXBuildFile; fileRef = 505C824C1FD835DF00C10BDE /* optionCell.swift */; };
		505C82511FD84FBB00C10BDE /* answerViewController.swift in Sources */ = {isa = PBXBuildFile; fileRef = 505C82501FD84FBB00C10BDE /* answerViewController.swift */; };
		5061AC601FE3E06D00A88C8C /* aboutViewController.swift in Sources */ = {isa = PBXBuildFile; fileRef = 5061AC5F1FE3E06D00A88C8C /* aboutViewController.swift */; };
		5061AC621FE3E32900A88C8C /* kefirFallingStart.swift in Sources */ = {isa = PBXBuildFile; fileRef = 5061AC611FE3E32900A88C8C /* kefirFallingStart.swift */; };
		5069EFAB1FF40500009264C1 /* comparison.swift in Sources */ = {isa = PBXBuildFile; fileRef = 5069EFAA1FF40500009264C1 /* comparison.swift */; };
		5070014C1FE159E600D66E8D /* glasses.swift in Sources */ = {isa = PBXBuildFile; fileRef = 5070014B1FE159E600D66E8D /* glasses.swift */; };
		508448FE1FE83ED000A26F92 /* startPageViewController.swift in Sources */ = {isa = PBXBuildFile; fileRef = 508448FD1FE83ED000A26F92 /* startPageViewController.swift */; };
		50C481981FE2E1E300A74B41 /* kefirfallingStart.sks in Resources */ = {isa = PBXBuildFile; fileRef = 50C481971FE2E1E300A74B41 /* kefirfallingStart.sks */; };
		50C569391FD6EADD00D88607 /* AppDelegate.swift in Sources */ = {isa = PBXBuildFile; fileRef = 50C569381FD6EADD00D88607 /* AppDelegate.swift */; };
		50C5693E1FD6EADD00D88607 /* Main.storyboard in Resources */ = {isa = PBXBuildFile; fileRef = 50C5693C1FD6EADD00D88607 /* Main.storyboard */; };
		50C569401FD6EADD00D88607 /* Assets.xcassets in Resources */ = {isa = PBXBuildFile; fileRef = 50C5693F1FD6EADD00D88607 /* Assets.xcassets */; };
		50C569431FD6EADD00D88607 /* LaunchScreen.storyboard in Resources */ = {isa = PBXBuildFile; fileRef = 50C569411FD6EADD00D88607 /* LaunchScreen.storyboard */; };
		50C5696F1FD6FF2800D88607 /* questionViewController.swift in Sources */ = {isa = PBXBuildFile; fileRef = 50C5696E1FD6FF2800D88607 /* questionViewController.swift */; };
		50D2071120038E3300C51932 /* startPageViewProtocol.swift in Sources */ = {isa = PBXBuildFile; fileRef = 50D2071020038E3300C51932 /* startPageViewProtocol.swift */; };
		50E1761D1FE81B5B006FCF0C /* explanations.json in Resources */ = {isa = PBXBuildFile; fileRef = 50E1761C1FE81B5B006FCF0C /* explanations.json */; };
		50E1761F1FE83B47006FCF0C /* questions.json in Resources */ = {isa = PBXBuildFile; fileRef = 50E1761E1FE83B47006FCF0C /* questions.json */; };
		50E176231FE83C14006FCF0C /* explanations.swift in Sources */ = {isa = PBXBuildFile; fileRef = 50E176221FE83C14006FCF0C /* explanations.swift */; };
		50E176251FE83C29006FCF0C /* questions.swift in Sources */ = {isa = PBXBuildFile; fileRef = 50E176241FE83C29006FCF0C /* questions.swift */; };
		50E838D81FE08363008BF624 /* glasses.sks in Resources */ = {isa = PBXBuildFile; fileRef = 50E838D71FE08363008BF624 /* glasses.sks */; };
		A4859EE30DB61B4618389EBB /* Pods_victorinaDrink.framework in Frameworks */ = {isa = PBXBuildFile; fileRef = 95AF22AA6AF543619DF804B6 /* Pods_victorinaDrink.framework */; };
/* End PBXBuildFile section */

/* Begin PBXFileReference section */
		2FB5EE510AE133AABA0F1DA5 /* Pods-victorinaDrink.debug.xcconfig */ = {isa = PBXFileReference; includeInIndex = 1; lastKnownFileType = text.xcconfig; name = "Pods-victorinaDrink.debug.xcconfig"; path = "Pods/Target Support Files/Pods-victorinaDrink/Pods-victorinaDrink.debug.xcconfig"; sourceTree = "<group>"; };
		500B95E11FDFF8560038B00A /* levelResultViewController.swift */ = {isa = PBXFileReference; lastKnownFileType = sourcecode.swift; path = levelResultViewController.swift; sourceTree = "<group>"; };
		500B95E31FDFFD8A0038B00A /* kefirfalling.sks */ = {isa = PBXFileReference; lastKnownFileType = file.sks; path = kefirfalling.sks; sourceTree = "<group>"; };
		500B95E51FE0053B0038B00A /* kefirFalling.swift */ = {isa = PBXFileReference; lastKnownFileType = sourcecode.swift; path = kefirFalling.swift; sourceTree = "<group>"; };
		5016F8B9200284B600CBA24C /* answerViewPresenter.swift */ = {isa = PBXFileReference; lastKnownFileType = sourcecode.swift; path = answerViewPresenter.swift; sourceTree = "<group>"; };
		5016F8BB200284D200CBA24C /* answerViewProtocol.swift */ = {isa = PBXFileReference; lastKnownFileType = sourcecode.swift; path = answerViewProtocol.swift; sourceTree = "<group>"; };
		5016F8BD2002851000CBA24C /* answerViewPresenterProtocol.swift */ = {isa = PBXFileReference; lastKnownFileType = sourcecode.swift; path = answerViewPresenterProtocol.swift; sourceTree = "<group>"; };
		5016F8BF20029AA000CBA24C /* levelResultViewProtocol.swift */ = {isa = PBXFileReference; lastKnownFileType = sourcecode.swift; path = levelResultViewProtocol.swift; sourceTree = "<group>"; };
		5016F8C120029BE700CBA24C /* levelResultViewPresenter.swift */ = {isa = PBXFileReference; lastKnownFileType = sourcecode.swift; path = levelResultViewPresenter.swift; sourceTree = "<group>"; };
		5016F8C320029C8500CBA24C /* levelResultPresenterProtocol.swift */ = {isa = PBXFileReference; lastKnownFileType = sourcecode.swift; path = levelResultPresenterProtocol.swift; sourceTree = "<group>"; };
		5016F8C62002A2EC00CBA24C /* startPagePresenterProtocol.swift */ = {isa = PBXFileReference; fileEncoding = 4; lastKnownFileType = sourcecode.swift; path = startPagePresenterProtocol.swift; sourceTree = "<group>"; };
		5018EAFF2000D868001B8EEC /* questionViewPresenterProtocol.swift */ = {isa = PBXFileReference; lastKnownFileType = sourcecode.swift; path = questionViewPresenterProtocol.swift; sourceTree = "<group>"; };
		5018EB032000D895001B8EEC /* questionViewPresenter.swift */ = {isa = PBXFileReference; lastKnownFileType = sourcecode.swift; path = questionViewPresenter.swift; sourceTree = "<group>"; };
		5018EB052000DE4E001B8EEC /* questionViewProtocol.swift */ = {isa = PBXFileReference; lastKnownFileType = sourcecode.swift; path = questionViewProtocol.swift; sourceTree = "<group>"; };
		5018EB0A2000F1E9001B8EEC /* model.swift */ = {isa = PBXFileReference; lastKnownFileType = sourcecode.swift; path = model.swift; sourceTree = "<group>"; };
		5018EB0D2000FD36001B8EEC /* startPagePresenter.swift */ = {isa = PBXFileReference; lastKnownFileType = sourcecode.swift; path = startPagePresenter.swift; sourceTree = "<group>"; };
		505871ED1FE4387F0046F0B2 /* Alamofire.framework */ = {isa = PBXFileReference; explicitFileType = wrapper.framework; path = Alamofire.framework; sourceTree = BUILT_PRODUCTS_DIR; };
		505C824C1FD835DF00C10BDE /* optionCell.swift */ = {isa = PBXFileReference; lastKnownFileType = sourcecode.swift; path = optionCell.swift; sourceTree = "<group>"; };
		505C82501FD84FBB00C10BDE /* answerViewController.swift */ = {isa = PBXFileReference; lastKnownFileType = sourcecode.swift; path = answerViewController.swift; sourceTree = "<group>"; };
		5061AC5F1FE3E06D00A88C8C /* aboutViewController.swift */ = {isa = PBXFileReference; lastKnownFileType = sourcecode.swift; path = aboutViewController.swift; sourceTree = "<group>"; };
		5061AC611FE3E32900A88C8C /* kefirFallingStart.swift */ = {isa = PBXFileReference; fileEncoding = 4; lastKnownFileType = sourcecode.swift; path = kefirFallingStart.swift; sourceTree = "<group>"; };
		5069EFAA1FF40500009264C1 /* comparison.swift */ = {isa = PBXFileReference; lastKnownFileType = sourcecode.swift; path = comparison.swift; sourceTree = "<group>"; };
		5070014B1FE159E600D66E8D /* glasses.swift */ = {isa = PBXFileReference; lastKnownFileType = sourcecode.swift; path = glasses.swift; sourceTree = "<group>"; };
		508448FD1FE83ED000A26F92 /* startPageViewController.swift */ = {isa = PBXFileReference; lastKnownFileType = sourcecode.swift; path = startPageViewController.swift; sourceTree = "<group>"; };
		50C481971FE2E1E300A74B41 /* kefirfallingStart.sks */ = {isa = PBXFileReference; lastKnownFileType = file.sks; path = kefirfallingStart.sks; sourceTree = "<group>"; };
		50C569351FD6EADD00D88607 /* victorinaDrink.app */ = {isa = PBXFileReference; explicitFileType = wrapper.application; includeInIndex = 0; path = victorinaDrink.app; sourceTree = BUILT_PRODUCTS_DIR; };
		50C569381FD6EADD00D88607 /* AppDelegate.swift */ = {isa = PBXFileReference; lastKnownFileType = sourcecode.swift; path = AppDelegate.swift; sourceTree = "<group>"; };
		50C5693D1FD6EADD00D88607 /* Base */ = {isa = PBXFileReference; lastKnownFileType = file.storyboard; name = Base; path = Base.lproj/Main.storyboard; sourceTree = "<group>"; };
		50C5693F1FD6EADD00D88607 /* Assets.xcassets */ = {isa = PBXFileReference; lastKnownFileType = folder.assetcatalog; path = Assets.xcassets; sourceTree = "<group>"; };
		50C569421FD6EADD00D88607 /* Base */ = {isa = PBXFileReference; lastKnownFileType = file.storyboard; name = Base; path = Base.lproj/LaunchScreen.storyboard; sourceTree = "<group>"; };
		50C569441FD6EADD00D88607 /* Info.plist */ = {isa = PBXFileReference; lastKnownFileType = text.plist.xml; path = Info.plist; sourceTree = "<group>"; };
		50C5696E1FD6FF2800D88607 /* questionViewController.swift */ = {isa = PBXFileReference; lastKnownFileType = sourcecode.swift; path = questionViewController.swift; sourceTree = "<group>"; };
		50D2071020038E3300C51932 /* startPageViewProtocol.swift */ = {isa = PBXFileReference; lastKnownFileType = sourcecode.swift; path = startPageViewProtocol.swift; sourceTree = "<group>"; };
		50E1761C1FE81B5B006FCF0C /* explanations.json */ = {isa = PBXFileReference; lastKnownFileType = text.json; path = explanations.json; sourceTree = "<group>"; };
		50E1761E1FE83B47006FCF0C /* questions.json */ = {isa = PBXFileReference; lastKnownFileType = text.json; path = questions.json; sourceTree = "<group>"; };
		50E176221FE83C14006FCF0C /* explanations.swift */ = {isa = PBXFileReference; lastKnownFileType = sourcecode.swift; path = explanations.swift; sourceTree = "<group>"; };
		50E176241FE83C29006FCF0C /* questions.swift */ = {isa = PBXFileReference; lastKnownFileType = sourcecode.swift; path = questions.swift; sourceTree = "<group>"; };
		50E838D71FE08363008BF624 /* glasses.sks */ = {isa = PBXFileReference; lastKnownFileType = file.sks; path = glasses.sks; sourceTree = "<group>"; };
		50F0E0AA1FED2B3400FC0390 /* victorinaDrink.entitlements */ = {isa = PBXFileReference; lastKnownFileType = text.plist.entitlements; path = victorinaDrink.entitlements; sourceTree = "<group>"; };
		95AF22AA6AF543619DF804B6 /* Pods_victorinaDrink.framework */ = {isa = PBXFileReference; explicitFileType = wrapper.framework; includeInIndex = 0; path = Pods_victorinaDrink.framework; sourceTree = BUILT_PRODUCTS_DIR; };
		DB696D4562F0BC9A09A2F4E8 /* Pods-victorinaDrink.release.xcconfig */ = {isa = PBXFileReference; includeInIndex = 1; lastKnownFileType = text.xcconfig; name = "Pods-victorinaDrink.release.xcconfig"; path = "Pods/Target Support Files/Pods-victorinaDrink/Pods-victorinaDrink.release.xcconfig"; sourceTree = "<group>"; };
/* End PBXFileReference section */

/* Begin PBXFrameworksBuildPhase section */
		50C569321FD6EADD00D88607 /* Frameworks */ = {
			isa = PBXFrameworksBuildPhase;
			buildActionMask = 2147483647;
			files = (
				505871EC1FE4387F0046F0B2 /* Alamofire.framework in Frameworks */,
				A4859EE30DB61B4618389EBB /* Pods_victorinaDrink.framework in Frameworks */,
			);
			runOnlyForDeploymentPostprocessing = 0;
		};
/* End PBXFrameworksBuildPhase section */

/* Begin PBXGroup section */
		1041A0A167C78BFE631FCF25 /* Pods */ = {
			isa = PBXGroup;
			children = (
				2FB5EE510AE133AABA0F1DA5 /* Pods-victorinaDrink.debug.xcconfig */,
				DB696D4562F0BC9A09A2F4E8 /* Pods-victorinaDrink.release.xcconfig */,
			);
			name = Pods;
			sourceTree = "<group>";
		};
		5016F8C520029C9500CBA24C /* Level Result */ = {
			isa = PBXGroup;
			children = (
				500B95E11FDFF8560038B00A /* levelResultViewController.swift */,
				5016F8C120029BE700CBA24C /* levelResultViewPresenter.swift */,
				5016F8C320029C8500CBA24C /* levelResultPresenterProtocol.swift */,
				5016F8BF20029AA000CBA24C /* levelResultViewProtocol.swift */,
			);
			name = "Level Result";
			sourceTree = "<group>";
		};
		5018EAFE2000D832001B8EEC /* Question */ = {
			isa = PBXGroup;
			children = (
				505C824C1FD835DF00C10BDE /* optionCell.swift */,
				50C5696E1FD6FF2800D88607 /* questionViewController.swift */,
				5018EB052000DE4E001B8EEC /* questionViewProtocol.swift */,
				5018EB032000D895001B8EEC /* questionViewPresenter.swift */,
				5018EAFF2000D868001B8EEC /* questionViewPresenterProtocol.swift */,
				50E1761E1FE83B47006FCF0C /* questions.json */,
				50E176241FE83C29006FCF0C /* questions.swift */,
			);
			name = Question;
			sourceTree = "<group>";
		};
		5018EB0C2000F234001B8EEC /* Answer */ = {
			isa = PBXGroup;
			children = (
				5069EFAA1FF40500009264C1 /* comparison.swift */,
				50E1761C1FE81B5B006FCF0C /* explanations.json */,
				505C82501FD84FBB00C10BDE /* answerViewController.swift */,
				5016F8BB200284D200CBA24C /* answerViewProtocol.swift */,
				5016F8BD2002851000CBA24C /* answerViewPresenterProtocol.swift */,
				5016F8B9200284B600CBA24C /* answerViewPresenter.swift */,
				50E176221FE83C14006FCF0C /* explanations.swift */,
			);
			name = Answer;
			sourceTree = "<group>";
		};
		5070014D1FE15A2000D66E8D /* Animations */ = {
			isa = PBXGroup;
			children = (
				50E838D71FE08363008BF624 /* glasses.sks */,
				5070014B1FE159E600D66E8D /* glasses.swift */,
				500B95E31FDFFD8A0038B00A /* kefirfalling.sks */,
				50C481971FE2E1E300A74B41 /* kefirfallingStart.sks */,
				500B95E51FE0053B0038B00A /* kefirFalling.swift */,
				5061AC611FE3E32900A88C8C /* kefirFallingStart.swift */,
			);
			path = Animations;
			sourceTree = "<group>";
		};
		508448FC1FE83E4800A26F92 /* ViewControllers */ = {
			isa = PBXGroup;
			children = (
			);
			name = ViewControllers;
			sourceTree = "<group>";
		};
		50C5692C1FD6EADD00D88607 = {
			isa = PBXGroup;
			children = (
				50C569371FD6EADD00D88607 /* victorinaDrink */,
				50C569361FD6EADD00D88607 /* Products */,
				1041A0A167C78BFE631FCF25 /* Pods */,
				EB38CDB8F6B6D21BCE9E5427 /* Frameworks */,
			);
			sourceTree = "<group>";
		};
		50C569361FD6EADD00D88607 /* Products */ = {
			isa = PBXGroup;
			children = (
				50C569351FD6EADD00D88607 /* victorinaDrink.app */,
			);
			name = Products;
			sourceTree = "<group>";
		};
		50C569371FD6EADD00D88607 /* victorinaDrink */ = {
			isa = PBXGroup;
			children = (
				50F0E0AA1FED2B3400FC0390 /* victorinaDrink.entitlements */,
				50C5693F1FD6EADD00D88607 /* Assets.xcassets */,
				50D2070F20038D8F00C51932 /* Start Page */,
				5018EAFE2000D832001B8EEC /* Question */,
				5018EB0C2000F234001B8EEC /* Answer */,
				5016F8C520029C9500CBA24C /* Level Result */,
				508448FC1FE83E4800A26F92 /* ViewControllers */,
				50C569411FD6EADD00D88607 /* LaunchScreen.storyboard */,
				5061AC5F1FE3E06D00A88C8C /* aboutViewController.swift */,
				5070014D1FE15A2000D66E8D /* Animations */,
				50E176201FE83BDC006FCF0C /* Sources */,
				50C569441FD6EADD00D88607 /* Info.plist */,
			);
			path = victorinaDrink;
			sourceTree = "<group>";
		};
		50D2070F20038D8F00C51932 /* Start Page */ = {
			isa = PBXGroup;
			children = (
				5018EB0D2000FD36001B8EEC /* startPagePresenter.swift */,
				50D2071020038E3300C51932 /* startPageViewProtocol.swift */,
				5016F8C62002A2EC00CBA24C /* startPagePresenterProtocol.swift */,
				508448FD1FE83ED000A26F92 /* startPageViewController.swift */,
			);
			name = "Start Page";
			sourceTree = "<group>";
		};
		50E176201FE83BDC006FCF0C /* Sources */ = {
			isa = PBXGroup;
			children = (
				50C569381FD6EADD00D88607 /* AppDelegate.swift */,
				50C5693C1FD6EADD00D88607 /* Main.storyboard */,
				5018EB0A2000F1E9001B8EEC /* model.swift */,
			);
			path = Sources;
			sourceTree = "<group>";
		};
		EB38CDB8F6B6D21BCE9E5427 /* Frameworks */ = {
			isa = PBXGroup;
			children = (
				505871ED1FE4387F0046F0B2 /* Alamofire.framework */,
				95AF22AA6AF543619DF804B6 /* Pods_victorinaDrink.framework */,
			);
			name = Frameworks;
			sourceTree = "<group>";
		};
/* End PBXGroup section */

/* Begin PBXNativeTarget section */
		50C569341FD6EADD00D88607 /* victorinaDrink */ = {
			isa = PBXNativeTarget;
			buildConfigurationList = 50C569471FD6EADD00D88607 /* Build configuration list for PBXNativeTarget "victorinaDrink" */;
			buildPhases = (
				4BB38BAB1A36FBC15E72843D /* [CP] Check Pods Manifest.lock */,
				50C569311FD6EADD00D88607 /* Sources */,
				50C569321FD6EADD00D88607 /* Frameworks */,
				50C569331FD6EADD00D88607 /* Resources */,
				49786D99DB661FC24274D176 /* [CP] Embed Pods Frameworks */,
				03347EF83B7DB25E0F3ECBC5 /* [CP] Copy Pods Resources */,
			);
			buildRules = (
			);
			dependencies = (
			);
			name = victorinaDrink;
			productName = victorinaDrink;
			productReference = 50C569351FD6EADD00D88607 /* victorinaDrink.app */;
			productType = "com.apple.product-type.application";
		};
/* End PBXNativeTarget section */

/* Begin PBXProject section */
		50C5692D1FD6EADD00D88607 /* Project object */ = {
			isa = PBXProject;
			attributes = {
				LastSwiftUpdateCheck = 0920;
				LastUpgradeCheck = 0920;
				ORGANIZATIONNAME = "Pavel Gubarev";
				TargetAttributes = {
					50C569341FD6EADD00D88607 = {
						CreatedOnToolsVersion = 9.2;
						ProvisioningStyle = Automatic;
						SystemCapabilities = {
							com.apple.Keychain = {
								enabled = 1;
							};
						};
					};
				};
			};
			buildConfigurationList = 50C569301FD6EADD00D88607 /* Build configuration list for PBXProject "victorinaDrink" */;
			compatibilityVersion = "Xcode 8.0";
			developmentRegion = en;
			hasScannedForEncodings = 0;
			knownRegions = (
				en,
				Base,
			);
			mainGroup = 50C5692C1FD6EADD00D88607;
			productRefGroup = 50C569361FD6EADD00D88607 /* Products */;
			projectDirPath = "";
			projectRoot = "";
			targets = (
				50C569341FD6EADD00D88607 /* victorinaDrink */,
			);
		};
/* End PBXProject section */

/* Begin PBXResourcesBuildPhase section */
		50C569331FD6EADD00D88607 /* Resources */ = {
			isa = PBXResourcesBuildPhase;
			buildActionMask = 2147483647;
			files = (
				50C481981FE2E1E300A74B41 /* kefirfallingStart.sks in Resources */,
				50E1761D1FE81B5B006FCF0C /* explanations.json in Resources */,
				50C569431FD6EADD00D88607 /* LaunchScreen.storyboard in Resources */,
				50E838D81FE08363008BF624 /* glasses.sks in Resources */,
				50C569401FD6EADD00D88607 /* Assets.xcassets in Resources */,
				500B95E41FDFFD8A0038B00A /* kefirfalling.sks in Resources */,
				50E1761F1FE83B47006FCF0C /* questions.json in Resources */,
				50C5693E1FD6EADD00D88607 /* Main.storyboard in Resources */,
			);
			runOnlyForDeploymentPostprocessing = 0;
		};
/* End PBXResourcesBuildPhase section */

/* Begin PBXShellScriptBuildPhase section */
		03347EF83B7DB25E0F3ECBC5 /* [CP] Copy Pods Resources */ = {
			isa = PBXShellScriptBuildPhase;
			buildActionMask = 2147483647;
			files = (
			);
			inputPaths = (
			);
			name = "[CP] Copy Pods Resources";
			outputPaths = (
			);
			runOnlyForDeploymentPostprocessing = 0;
			shellPath = /bin/sh;
			shellScript = "\"${SRCROOT}/Pods/Target Support Files/Pods-victorinaDrink/Pods-victorinaDrink-resources.sh\"\n";
			showEnvVarsInLog = 0;
		};
		49786D99DB661FC24274D176 /* [CP] Embed Pods Frameworks */ = {
			isa = PBXShellScriptBuildPhase;
			buildActionMask = 2147483647;
			files = (
			);
			inputPaths = (
				"${SRCROOT}/Pods/Target Support Files/Pods-victorinaDrink/Pods-victorinaDrink-frameworks.sh",
				"${BUILT_PRODUCTS_DIR}/Alamofire/Alamofire.framework",
			);
			name = "[CP] Embed Pods Frameworks";
			outputPaths = (
				"${TARGET_BUILD_DIR}/${FRAMEWORKS_FOLDER_PATH}/Alamofire.framework",
			);
			runOnlyForDeploymentPostprocessing = 0;
			shellPath = /bin/sh;
			shellScript = "\"${SRCROOT}/Pods/Target Support Files/Pods-victorinaDrink/Pods-victorinaDrink-frameworks.sh\"\n";
			showEnvVarsInLog = 0;
		};
		4BB38BAB1A36FBC15E72843D /* [CP] Check Pods Manifest.lock */ = {
			isa = PBXShellScriptBuildPhase;
			buildActionMask = 2147483647;
			files = (
			);
			inputPaths = (
				"${PODS_PODFILE_DIR_PATH}/Podfile.lock",
				"${PODS_ROOT}/Manifest.lock",
			);
			name = "[CP] Check Pods Manifest.lock";
			outputPaths = (
				"$(DERIVED_FILE_DIR)/Pods-victorinaDrink-checkManifestLockResult.txt",
			);
			runOnlyForDeploymentPostprocessing = 0;
			shellPath = /bin/sh;
			shellScript = "diff \"${PODS_PODFILE_DIR_PATH}/Podfile.lock\" \"${PODS_ROOT}/Manifest.lock\" > /dev/null\nif [ $? != 0 ] ; then\n    # print error to STDERR\n    echo \"error: The sandbox is not in sync with the Podfile.lock. Run 'pod install' or update your CocoaPods installation.\" >&2\n    exit 1\nfi\n# This output is used by Xcode 'outputs' to avoid re-running this script phase.\necho \"SUCCESS\" > \"${SCRIPT_OUTPUT_FILE_0}\"\n";
			showEnvVarsInLog = 0;
		};
/* End PBXShellScriptBuildPhase section */

/* Begin PBXSourcesBuildPhase section */
		50C569311FD6EADD00D88607 /* Sources */ = {
			isa = PBXSourcesBuildPhase;
			buildActionMask = 2147483647;
			files = (
				5016F8C72002A2EC00CBA24C /* startPagePresenterProtocol.swift in Sources */,
				505C82511FD84FBB00C10BDE /* answerViewController.swift in Sources */,
				5016F8BE2002851000CBA24C /* answerViewPresenterProtocol.swift in Sources */,
				505C824D1FD835DF00C10BDE /* optionCell.swift in Sources */,
				5016F8C220029BE700CBA24C /* levelResultViewPresenter.swift in Sources */,
				5069EFAB1FF40500009264C1 /* comparison.swift in Sources */,
				50E176251FE83C29006FCF0C /* questions.swift in Sources */,
				5018EB062000DE4E001B8EEC /* questionViewProtocol.swift in Sources */,
				50E176231FE83C14006FCF0C /* explanations.swift in Sources */,
				508448FE1FE83ED000A26F92 /* startPageViewController.swift in Sources */,
				5018EB0B2000F1E9001B8EEC /* model.swift in Sources */,
				5070014C1FE159E600D66E8D /* glasses.swift in Sources */,
				5061AC601FE3E06D00A88C8C /* aboutViewController.swift in Sources */,
				5018EB002000D868001B8EEC /* questionViewPresenterProtocol.swift in Sources */,
				500B95E61FE0053B0038B00A /* kefirFalling.swift in Sources */,
				5018EB0E2000FD36001B8EEC /* startPagePresenter.swift in Sources */,
				50D2071120038E3300C51932 /* startPageViewProtocol.swift in Sources */,
				5016F8BC200284D200CBA24C /* answerViewProtocol.swift in Sources */,
				5061AC621FE3E32900A88C8C /* kefirFallingStart.swift in Sources */,
				5018EB042000D895001B8EEC /* questionViewPresenter.swift in Sources */,
				5016F8BA200284B600CBA24C /* answerViewPresenter.swift in Sources */,
				5016F8C020029AA000CBA24C /* levelResultViewProtocol.swift in Sources */,
				500B95E21FDFF8560038B00A /* levelResultViewController.swift in Sources */,
				50C569391FD6EADD00D88607 /* AppDelegate.swift in Sources */,
				50C5696F1FD6FF2800D88607 /* questionViewController.swift in Sources */,
				5016F8C420029C8500CBA24C /* levelResultPresenterProtocol.swift in Sources */,
			);
			runOnlyForDeploymentPostprocessing = 0;
		};
/* End PBXSourcesBuildPhase section */

/* Begin PBXVariantGroup section */
		50C5693C1FD6EADD00D88607 /* Main.storyboard */ = {
			isa = PBXVariantGroup;
			children = (
				50C5693D1FD6EADD00D88607 /* Base */,
			);
			name = Main.storyboard;
			sourceTree = "<group>";
		};
		50C569411FD6EADD00D88607 /* LaunchScreen.storyboard */ = {
			isa = PBXVariantGroup;
			children = (
				50C569421FD6EADD00D88607 /* Base */,
			);
			name = LaunchScreen.storyboard;
			sourceTree = "<group>";
		};
/* End PBXVariantGroup section */

/* Begin XCBuildConfiguration section */
		50C569451FD6EADD00D88607 /* Debug */ = {
			isa = XCBuildConfiguration;
			buildSettings = {
				ALWAYS_SEARCH_USER_PATHS = NO;
				CLANG_ANALYZER_NONNULL = YES;
				CLANG_ANALYZER_NUMBER_OBJECT_CONVERSION = YES_AGGRESSIVE;
				CLANG_CXX_LANGUAGE_STANDARD = "gnu++14";
				CLANG_CXX_LIBRARY = "libc++";
				CLANG_ENABLE_MODULES = YES;
				CLANG_ENABLE_OBJC_ARC = YES;
				CLANG_WARN_BLOCK_CAPTURE_AUTORELEASING = YES;
				CLANG_WARN_BOOL_CONVERSION = YES;
				CLANG_WARN_COMMA = YES;
				CLANG_WARN_CONSTANT_CONVERSION = YES;
				CLANG_WARN_DIRECT_OBJC_ISA_USAGE = YES_ERROR;
				CLANG_WARN_DOCUMENTATION_COMMENTS = YES;
				CLANG_WARN_EMPTY_BODY = YES;
				CLANG_WARN_ENUM_CONVERSION = YES;
				CLANG_WARN_INFINITE_RECURSION = YES;
				CLANG_WARN_INT_CONVERSION = YES;
				CLANG_WARN_NON_LITERAL_NULL_CONVERSION = YES;
				CLANG_WARN_OBJC_LITERAL_CONVERSION = YES;
				CLANG_WARN_OBJC_ROOT_CLASS = YES_ERROR;
				CLANG_WARN_RANGE_LOOP_ANALYSIS = YES;
				CLANG_WARN_STRICT_PROTOTYPES = YES;
				CLANG_WARN_SUSPICIOUS_MOVE = YES;
				CLANG_WARN_UNGUARDED_AVAILABILITY = YES_AGGRESSIVE;
				CLANG_WARN_UNREACHABLE_CODE = YES;
				CLANG_WARN__DUPLICATE_METHOD_MATCH = YES;
				CODE_SIGN_IDENTITY = "iPhone Developer";
				COPY_PHASE_STRIP = NO;
				DEBUG_INFORMATION_FORMAT = dwarf;
				ENABLE_STRICT_OBJC_MSGSEND = YES;
				ENABLE_TESTABILITY = YES;
				GCC_C_LANGUAGE_STANDARD = gnu11;
				GCC_DYNAMIC_NO_PIC = NO;
				GCC_NO_COMMON_BLOCKS = YES;
				GCC_OPTIMIZATION_LEVEL = 0;
				GCC_PREPROCESSOR_DEFINITIONS = (
					"DEBUG=1",
					"$(inherited)",
				);
				GCC_WARN_64_TO_32_BIT_CONVERSION = YES;
				GCC_WARN_ABOUT_RETURN_TYPE = YES_ERROR;
				GCC_WARN_UNDECLARED_SELECTOR = YES;
				GCC_WARN_UNINITIALIZED_AUTOS = YES_AGGRESSIVE;
				GCC_WARN_UNUSED_FUNCTION = YES;
				GCC_WARN_UNUSED_VARIABLE = YES;
				IPHONEOS_DEPLOYMENT_TARGET = 11.2;
				MTL_ENABLE_DEBUG_INFO = YES;
				ONLY_ACTIVE_ARCH = YES;
				SDKROOT = iphoneos;
				SWIFT_ACTIVE_COMPILATION_CONDITIONS = DEBUG;
				SWIFT_OPTIMIZATION_LEVEL = "-Onone";
			};
			name = Debug;
		};
		50C569461FD6EADD00D88607 /* Release */ = {
			isa = XCBuildConfiguration;
			buildSettings = {
				ALWAYS_SEARCH_USER_PATHS = NO;
				CLANG_ANALYZER_NONNULL = YES;
				CLANG_ANALYZER_NUMBER_OBJECT_CONVERSION = YES_AGGRESSIVE;
				CLANG_CXX_LANGUAGE_STANDARD = "gnu++14";
				CLANG_CXX_LIBRARY = "libc++";
				CLANG_ENABLE_MODULES = YES;
				CLANG_ENABLE_OBJC_ARC = YES;
				CLANG_WARN_BLOCK_CAPTURE_AUTORELEASING = YES;
				CLANG_WARN_BOOL_CONVERSION = YES;
				CLANG_WARN_COMMA = YES;
				CLANG_WARN_CONSTANT_CONVERSION = YES;
				CLANG_WARN_DIRECT_OBJC_ISA_USAGE = YES_ERROR;
				CLANG_WARN_DOCUMENTATION_COMMENTS = YES;
				CLANG_WARN_EMPTY_BODY = YES;
				CLANG_WARN_ENUM_CONVERSION = YES;
				CLANG_WARN_INFINITE_RECURSION = YES;
				CLANG_WARN_INT_CONVERSION = YES;
				CLANG_WARN_NON_LITERAL_NULL_CONVERSION = YES;
				CLANG_WARN_OBJC_LITERAL_CONVERSION = YES;
				CLANG_WARN_OBJC_ROOT_CLASS = YES_ERROR;
				CLANG_WARN_RANGE_LOOP_ANALYSIS = YES;
				CLANG_WARN_STRICT_PROTOTYPES = YES;
				CLANG_WARN_SUSPICIOUS_MOVE = YES;
				CLANG_WARN_UNGUARDED_AVAILABILITY = YES_AGGRESSIVE;
				CLANG_WARN_UNREACHABLE_CODE = YES;
				CLANG_WARN__DUPLICATE_METHOD_MATCH = YES;
				CODE_SIGN_IDENTITY = "iPhone Developer";
				COPY_PHASE_STRIP = NO;
				DEBUG_INFORMATION_FORMAT = "dwarf-with-dsym";
				ENABLE_NS_ASSERTIONS = NO;
				ENABLE_STRICT_OBJC_MSGSEND = YES;
				GCC_C_LANGUAGE_STANDARD = gnu11;
				GCC_NO_COMMON_BLOCKS = YES;
				GCC_WARN_64_TO_32_BIT_CONVERSION = YES;
				GCC_WARN_ABOUT_RETURN_TYPE = YES_ERROR;
				GCC_WARN_UNDECLARED_SELECTOR = YES;
				GCC_WARN_UNINITIALIZED_AUTOS = YES_AGGRESSIVE;
				GCC_WARN_UNUSED_FUNCTION = YES;
				GCC_WARN_UNUSED_VARIABLE = YES;
				IPHONEOS_DEPLOYMENT_TARGET = 11.2;
				MTL_ENABLE_DEBUG_INFO = NO;
				SDKROOT = iphoneos;
				SWIFT_OPTIMIZATION_LEVEL = "-Owholemodule";
				VALIDATE_PRODUCT = YES;
			};
			name = Release;
		};
		50C569481FD6EADD00D88607 /* Debug */ = {
			isa = XCBuildConfiguration;
			baseConfigurationReference = 2FB5EE510AE133AABA0F1DA5 /* Pods-victorinaDrink.debug.xcconfig */;
			buildSettings = {
				ASSETCATALOG_COMPILER_APPICON_NAME = AppIcon;
				CODE_SIGN_ENTITLEMENTS = victorinaDrink/victorinaDrink.entitlements;
				CODE_SIGN_STYLE = Automatic;
				DEVELOPMENT_TEAM = 6L9C7TASC4;
				INFOPLIST_FILE = victorinaDrink/Info.plist;
				IPHONEOS_DEPLOYMENT_TARGET = 10.0;
				LD_RUNPATH_SEARCH_PATHS = "$(inherited) @executable_path/Frameworks";
				PRODUCT_BUNDLE_IDENTIFIER = victorinaDrink;
				PRODUCT_NAME = "$(TARGET_NAME)";
				SWIFT_VERSION = 4.0;
				TARGETED_DEVICE_FAMILY = 1;
			};
			name = Debug;
		};
		50C569491FD6EADD00D88607 /* Release */ = {
			isa = XCBuildConfiguration;
			baseConfigurationReference = DB696D4562F0BC9A09A2F4E8 /* Pods-victorinaDrink.release.xcconfig */;
			buildSettings = {
				ASSETCATALOG_COMPILER_APPICON_NAME = AppIcon;
				CODE_SIGN_ENTITLEMENTS = victorinaDrink/victorinaDrink.entitlements;
				CODE_SIGN_STYLE = Automatic;
				DEVELOPMENT_TEAM = 6L9C7TASC4;
				INFOPLIST_FILE = victorinaDrink/Info.plist;
				IPHONEOS_DEPLOYMENT_TARGET = 10.0;
				LD_RUNPATH_SEARCH_PATHS = "$(inherited) @executable_path/Frameworks";
				PRODUCT_BUNDLE_IDENTIFIER = victorinaDrink;
				PRODUCT_NAME = "$(TARGET_NAME)";
				SWIFT_VERSION = 4.0;
				TARGETED_DEVICE_FAMILY = 1;
			};
			name = Release;
		};
/* End XCBuildConfiguration section */

/* Begin XCConfigurationList section */
		50C569301FD6EADD00D88607 /* Build configuration list for PBXProject "victorinaDrink" */ = {
			isa = XCConfigurationList;
			buildConfigurations = (
				50C569451FD6EADD00D88607 /* Debug */,
				50C569461FD6EADD00D88607 /* Release */,
			);
			defaultConfigurationIsVisible = 0;
			defaultConfigurationName = Release;
		};
		50C569471FD6EADD00D88607 /* Build configuration list for PBXNativeTarget "victorinaDrink" */ = {
			isa = XCConfigurationList;
			buildConfigurations = (
				50C569481FD6EADD00D88607 /* Debug */,
				50C569491FD6EADD00D88607 /* Release */,
			);
			defaultConfigurationIsVisible = 0;
			defaultConfigurationName = Release;
		};
/* End XCConfigurationList section */
	};
	rootObject = 50C5692D1FD6EADD00D88607 /* Project object */;
}
